
Microsoft Visual Studio Solution File, Format Version 12.00
# Visual Studio Version 17
VisualStudioVersion = 17.0.31903.59
MinimumVisualStudioVersion = 10.0.40219.1
Project("{FAE04EC0-301F-11D3-BF4B-00C04F79EFBC}") = "HelloCS", "HelloCS\HelloCS.csproj", "{5F633B08-7008-4BF8-8FC4-22667494E534}"
EndProject
Project("{FAE04EC0-301F-11D3-BF4B-00C04F79EFBC}") = "AboutMyEnvironment", "AboutMyEnvironment\AboutMyEnvironment.csproj", "{2B91F2F7-46B8-4157-BF31-3FFAD1CD64B8}"
EndProject
Project("{FAE04EC0-301F-11D3-BF4B-00C04F79EFBC}") = "Numbers", "Numbers\Numbers.csproj", "{B06FB790-321B-46C8-B65E-8BA6CDC8212C}"
EndProject
Project("{FAE04EC0-301F-11D3-BF4B-00C04F79EFBC}") = "Variables", "Variables\Variables.csproj", "{C7B668CC-7599-4920-A8BF-CBFFCC952A3B}"
EndProject
Project("{FAE04EC0-301F-11D3-BF4B-00C04F79EFBC}") = "Formatting", "Formatting\Formatting.csproj", "{DDD9EE4D-B76F-405B-AE81-456CD74F678D}"
EndProject
Project("{FAE04EC0-301F-11D3-BF4B-00C04F79EFBC}") = "Operators", "Operators\Operators.csproj", "{B5B44985-062B-4AAF-847B-E4AF3CE07051}"
EndProject
Project("{FAE04EC0-301F-11D3-BF4B-00C04F79EFBC}") = "SelectionStatements", "SelectionStatements\SelectionStatements.csproj", "{1A28B092-D7F9-41B1-84CE-3B006F55BE61}"
EndProject
Project("{FAE04EC0-301F-11D3-BF4B-00C04F79EFBC}") = "IterationStatements", "IterationStatements\IterationStatements.csproj", "{BBC3E11B-9C89-440B-8658-EBB5E47591BF}"
EndProject
Project("{FAE04EC0-301F-11D3-BF4B-00C04F79EFBC}") = "Arrays", "Arrays\Arrays.csproj", "{27D9B4C2-53EC-45E3-AC84-2773EEF8D301}"
EndProject
Project("{FAE04EC0-301F-11D3-BF4B-00C04F79EFBC}") = "CastingConverting", "CastingConverting\CastingConverting.csproj", "{8C8E8A41-F719-4BD3-B28F-FDFE9A18BA28}"
EndProject
Project("{FAE04EC0-301F-11D3-BF4B-00C04F79EFBC}") = "HandlingExceptions", "HandlingExceptions\HandlingExceptions.csproj", "{2E61CEFF-66D7-4461-8CD5-9625C5E5CAB1}"
EndProject
Project("{FAE04EC0-301F-11D3-BF4B-00C04F79EFBC}") = "TopLevelFunctions", "TopLevelFunctions\TopLevelFunctions.csproj", "{BA339FDA-2377-4013-943F-FAC594E72773}"
EndProject
Project("{FAE04EC0-301F-11D3-BF4B-00C04F79EFBC}") = "WritingFunctions", "WritingFunctions\WritingFunctions.csproj", "{D84C10D6-9896-48F9-AED3-881454F61C1A}"
EndProject
Project("{FAE04EC0-301F-11D3-BF4B-00C04F79EFBC}") = "Debugging", "Debugging\Debugging.csproj", "{7E453593-F597-4842-B833-ECD32FA81ECA}"
EndProject
Project("{FAE04EC0-301F-11D3-BF4B-00C04F79EFBC}") = "HotReloading", "HotReloading\HotReloading.csproj", "{4FEE32A8-5EAD-469A-A5F4-52D91CC0B799}"
EndProject
Project("{FAE04EC0-301F-11D3-BF4B-00C04F79EFBC}") = "CalculatorLib", "CalculatorLib\CalculatorLib.csproj", "{242CD6CF-38DB-4B98-A0C4-4ACADD72F09E}"
EndProject
Project("{FAE04EC0-301F-11D3-BF4B-00C04F79EFBC}") = "CalculatorLibUnitTests", "CalculatorLibUnitTests\CalculatorLibUnitTests.csproj", "{FB185D27-F215-4D04-B108-423D3189958B}"
EndProject
Project("{FAE04EC0-301F-11D3-BF4B-00C04F79EFBC}") = "CallStackExceptionHandlingLib", "CallStackExceptionHandlingLib\CallStackExceptionHandlingLib.csproj", "{8C8D59E3-6E65-46C0-A065-B164E8B742D0}"
EndProject
Project("{FAE04EC0-301F-11D3-BF4B-00C04F79EFBC}") = "CallStackExceptionHandling", "CallStackExceptionHandling\CallStackExceptionHandling.csproj", "{73584BC9-714A-4DE1-9519-0A2251A4682A}"
EndProject
Project("{FAE04EC0-301F-11D3-BF4B-00C04F79EFBC}") = "PacktLibraryNet2", "PacktLibraryNet2\PacktLibraryNet2.csproj", "{61ACB73C-BF0C-4D7A-8313-6D86DD383FD0}"
EndProject
Project("{FAE04EC0-301F-11D3-BF4B-00C04F79EFBC}") = "PeopleApp", "PeopleApp\PeopleApp.csproj", "{82883DD7-F932-43D2-BB7E-881EA784ACC4}"
EndProject
Project("{FAE04EC0-301F-11D3-BF4B-00C04F79EFBC}") = "PacktLibraryModern", "PacktLibraryModern\PacktLibraryModern.csproj", "{AD9629FD-9F8C-4190-A07D-C79083D5A894}"
EndProject
Project("{FAE04EC0-301F-11D3-BF4B-00C04F79EFBC}") = "PacktLibrary", "PacktLibrary\PacktLibrary.csproj", "{273C319A-57A2-4037-8B37-6D784F7C3803}"
EndProject
Project("{FAE04EC0-301F-11D3-BF4B-00C04F79EFBC}") = "PeoplesApp", "PeoplesApp\PeoplesApp.csproj", "{D87A7CC0-97B1-46AE-B18E-6E04EE863315}"
EndProject
Global
	GlobalSection(SolutionConfigurationPlatforms) = preSolution
		Debug|Any CPU = Debug|Any CPU
		Release|Any CPU = Release|Any CPU
	EndGlobalSection
	GlobalSection(SolutionProperties) = preSolution
		HideSolutionNode = FALSE
	EndGlobalSection
	GlobalSection(ProjectConfigurationPlatforms) = postSolution
		{5F633B08-7008-4BF8-8FC4-22667494E534}.Debug|Any CPU.ActiveCfg = Debug|Any CPU
		{5F633B08-7008-4BF8-8FC4-22667494E534}.Debug|Any CPU.Build.0 = Debug|Any CPU
		{5F633B08-7008-4BF8-8FC4-22667494E534}.Release|Any CPU.ActiveCfg = Release|Any CPU
		{5F633B08-7008-4BF8-8FC4-22667494E534}.Release|Any CPU.Build.0 = Release|Any CPU
		{2B91F2F7-46B8-4157-BF31-3FFAD1CD64B8}.Debug|Any CPU.ActiveCfg = Debug|Any CPU
		{2B91F2F7-46B8-4157-BF31-3FFAD1CD64B8}.Debug|Any CPU.Build.0 = Debug|Any CPU
		{2B91F2F7-46B8-4157-BF31-3FFAD1CD64B8}.Release|Any CPU.ActiveCfg = Release|Any CPU
		{2B91F2F7-46B8-4157-BF31-3FFAD1CD64B8}.Release|Any CPU.Build.0 = Release|Any CPU
		{B06FB790-321B-46C8-B65E-8BA6CDC8212C}.Debug|Any CPU.ActiveCfg = Debug|Any CPU
		{B06FB790-321B-46C8-B65E-8BA6CDC8212C}.Debug|Any CPU.Build.0 = Debug|Any CPU
		{B06FB790-321B-46C8-B65E-8BA6CDC8212C}.Release|Any CPU.ActiveCfg = Release|Any CPU
		{B06FB790-321B-46C8-B65E-8BA6CDC8212C}.Release|Any CPU.Build.0 = Release|Any CPU
		{C7B668CC-7599-4920-A8BF-CBFFCC952A3B}.Debug|Any CPU.ActiveCfg = Debug|Any CPU
		{C7B668CC-7599-4920-A8BF-CBFFCC952A3B}.Debug|Any CPU.Build.0 = Debug|Any CPU
		{C7B668CC-7599-4920-A8BF-CBFFCC952A3B}.Release|Any CPU.ActiveCfg = Release|Any CPU
		{C7B668CC-7599-4920-A8BF-CBFFCC952A3B}.Release|Any CPU.Build.0 = Release|Any CPU
		{DDD9EE4D-B76F-405B-AE81-456CD74F678D}.Debug|Any CPU.ActiveCfg = Debug|Any CPU
		{DDD9EE4D-B76F-405B-AE81-456CD74F678D}.Debug|Any CPU.Build.0 = Debug|Any CPU
		{DDD9EE4D-B76F-405B-AE81-456CD74F678D}.Release|Any CPU.ActiveCfg = Release|Any CPU
		{DDD9EE4D-B76F-405B-AE81-456CD74F678D}.Release|Any CPU.Build.0 = Release|Any CPU
		{B5B44985-062B-4AAF-847B-E4AF3CE07051}.Debug|Any CPU.ActiveCfg = Debug|Any CPU
		{B5B44985-062B-4AAF-847B-E4AF3CE07051}.Debug|Any CPU.Build.0 = Debug|Any CPU
		{B5B44985-062B-4AAF-847B-E4AF3CE07051}.Release|Any CPU.ActiveCfg = Release|Any CPU
		{B5B44985-062B-4AAF-847B-E4AF3CE07051}.Release|Any CPU.Build.0 = Release|Any CPU
		{1A28B092-D7F9-41B1-84CE-3B006F55BE61}.Debug|Any CPU.ActiveCfg = Debug|Any CPU
		{1A28B092-D7F9-41B1-84CE-3B006F55BE61}.Debug|Any CPU.Build.0 = Debug|Any CPU
		{1A28B092-D7F9-41B1-84CE-3B006F55BE61}.Release|Any CPU.ActiveCfg = Release|Any CPU
		{1A28B092-D7F9-41B1-84CE-3B006F55BE61}.Release|Any CPU.Build.0 = Release|Any CPU
		{BBC3E11B-9C89-440B-8658-EBB5E47591BF}.Debug|Any CPU.ActiveCfg = Debug|Any CPU
		{BBC3E11B-9C89-440B-8658-EBB5E47591BF}.Debug|Any CPU.Build.0 = Debug|Any CPU
		{BBC3E11B-9C89-440B-8658-EBB5E47591BF}.Release|Any CPU.ActiveCfg = Release|Any CPU
		{BBC3E11B-9C89-440B-8658-EBB5E47591BF}.Release|Any CPU.Build.0 = Release|Any CPU
		{27D9B4C2-53EC-45E3-AC84-2773EEF8D301}.Debug|Any CPU.ActiveCfg = Debug|Any CPU
		{27D9B4C2-53EC-45E3-AC84-2773EEF8D301}.Debug|Any CPU.Build.0 = Debug|Any CPU
		{27D9B4C2-53EC-45E3-AC84-2773EEF8D301}.Release|Any CPU.ActiveCfg = Release|Any CPU
		{27D9B4C2-53EC-45E3-AC84-2773EEF8D301}.Release|Any CPU.Build.0 = Release|Any CPU
		{8C8E8A41-F719-4BD3-B28F-FDFE9A18BA28}.Debug|Any CPU.ActiveCfg = Debug|Any CPU
		{8C8E8A41-F719-4BD3-B28F-FDFE9A18BA28}.Debug|Any CPU.Build.0 = Debug|Any CPU
		{8C8E8A41-F719-4BD3-B28F-FDFE9A18BA28}.Release|Any CPU.ActiveCfg = Release|Any CPU
		{8C8E8A41-F719-4BD3-B28F-FDFE9A18BA28}.Release|Any CPU.Build.0 = Release|Any CPU
		{2E61CEFF-66D7-4461-8CD5-9625C5E5CAB1}.Debug|Any CPU.ActiveCfg = Debug|Any CPU
		{2E61CEFF-66D7-4461-8CD5-9625C5E5CAB1}.Debug|Any CPU.Build.0 = Debug|Any CPU
		{2E61CEFF-66D7-4461-8CD5-9625C5E5CAB1}.Release|Any CPU.ActiveCfg = Release|Any CPU
		{2E61CEFF-66D7-4461-8CD5-9625C5E5CAB1}.Release|Any CPU.Build.0 = Release|Any CPU
		{BA339FDA-2377-4013-943F-FAC594E72773}.Debug|Any CPU.ActiveCfg = Debug|Any CPU
		{BA339FDA-2377-4013-943F-FAC594E72773}.Debug|Any CPU.Build.0 = Debug|Any CPU
		{BA339FDA-2377-4013-943F-FAC594E72773}.Release|Any CPU.ActiveCfg = Release|Any CPU
		{BA339FDA-2377-4013-943F-FAC594E72773}.Release|Any CPU.Build.0 = Release|Any CPU
		{D84C10D6-9896-48F9-AED3-881454F61C1A}.Debug|Any CPU.ActiveCfg = Debug|Any CPU
		{D84C10D6-9896-48F9-AED3-881454F61C1A}.Debug|Any CPU.Build.0 = Debug|Any CPU
		{D84C10D6-9896-48F9-AED3-881454F61C1A}.Release|Any CPU.ActiveCfg = Release|Any CPU
		{D84C10D6-9896-48F9-AED3-881454F61C1A}.Release|Any CPU.Build.0 = Release|Any CPU
		{7E453593-F597-4842-B833-ECD32FA81ECA}.Debug|Any CPU.ActiveCfg = Debug|Any CPU
		{7E453593-F597-4842-B833-ECD32FA81ECA}.Debug|Any CPU.Build.0 = Debug|Any CPU
		{7E453593-F597-4842-B833-ECD32FA81ECA}.Release|Any CPU.ActiveCfg = Release|Any CPU
		{7E453593-F597-4842-B833-ECD32FA81ECA}.Release|Any CPU.Build.0 = Release|Any CPU
		{4FEE32A8-5EAD-469A-A5F4-52D91CC0B799}.Debug|Any CPU.ActiveCfg = Debug|Any CPU
		{4FEE32A8-5EAD-469A-A5F4-52D91CC0B799}.Debug|Any CPU.Build.0 = Debug|Any CPU
		{4FEE32A8-5EAD-469A-A5F4-52D91CC0B799}.Release|Any CPU.ActiveCfg = Release|Any CPU
		{4FEE32A8-5EAD-469A-A5F4-52D91CC0B799}.Release|Any CPU.Build.0 = Release|Any CPU
		{242CD6CF-38DB-4B98-A0C4-4ACADD72F09E}.Debug|Any CPU.ActiveCfg = Debug|Any CPU
		{242CD6CF-38DB-4B98-A0C4-4ACADD72F09E}.Debug|Any CPU.Build.0 = Debug|Any CPU
		{242CD6CF-38DB-4B98-A0C4-4ACADD72F09E}.Release|Any CPU.ActiveCfg = Release|Any CPU
		{242CD6CF-38DB-4B98-A0C4-4ACADD72F09E}.Release|Any CPU.Build.0 = Release|Any CPU
		{FB185D27-F215-4D04-B108-423D3189958B}.Debug|Any CPU.ActiveCfg = Debug|Any CPU
		{FB185D27-F215-4D04-B108-423D3189958B}.Debug|Any CPU.Build.0 = Debug|Any CPU
		{FB185D27-F215-4D04-B108-423D3189958B}.Release|Any CPU.ActiveCfg = Release|Any CPU
		{FB185D27-F215-4D04-B108-423D3189958B}.Release|Any CPU.Build.0 = Release|Any CPU
		{8C8D59E3-6E65-46C0-A065-B164E8B742D0}.Debug|Any CPU.ActiveCfg = Debug|Any CPU
		{8C8D59E3-6E65-46C0-A065-B164E8B742D0}.Debug|Any CPU.Build.0 = Debug|Any CPU
		{8C8D59E3-6E65-46C0-A065-B164E8B742D0}.Release|Any CPU.ActiveCfg = Release|Any CPU
		{8C8D59E3-6E65-46C0-A065-B164E8B742D0}.Release|Any CPU.Build.0 = Release|Any CPU
		{73584BC9-714A-4DE1-9519-0A2251A4682A}.Debug|Any CPU.ActiveCfg = Debug|Any CPU
		{73584BC9-714A-4DE1-9519-0A2251A4682A}.Debug|Any CPU.Build.0 = Debug|Any CPU
		{73584BC9-714A-4DE1-9519-0A2251A4682A}.Release|Any CPU.ActiveCfg = Release|Any CPU
		{73584BC9-714A-4DE1-9519-0A2251A4682A}.Release|Any CPU.Build.0 = Release|Any CPU
		{61ACB73C-BF0C-4D7A-8313-6D86DD383FD0}.Debug|Any CPU.ActiveCfg = Debug|Any CPU
		{61ACB73C-BF0C-4D7A-8313-6D86DD383FD0}.Debug|Any CPU.Build.0 = Debug|Any CPU
		{61ACB73C-BF0C-4D7A-8313-6D86DD383FD0}.Release|Any CPU.ActiveCfg = Release|Any CPU
		{61ACB73C-BF0C-4D7A-8313-6D86DD383FD0}.Release|Any CPU.Build.0 = Release|Any CPU
		{82883DD7-F932-43D2-BB7E-881EA784ACC4}.Debug|Any CPU.ActiveCfg = Debug|Any CPU
		{82883DD7-F932-43D2-BB7E-881EA784ACC4}.Debug|Any CPU.Build.0 = Debug|Any CPU
		{82883DD7-F932-43D2-BB7E-881EA784ACC4}.Release|Any CPU.ActiveCfg = Release|Any CPU
		{82883DD7-F932-43D2-BB7E-881EA784ACC4}.Release|Any CPU.Build.0 = Release|Any CPU
		{AD9629FD-9F8C-4190-A07D-C79083D5A894}.Debug|Any CPU.ActiveCfg = Debug|Any CPU
		{AD9629FD-9F8C-4190-A07D-C79083D5A894}.Debug|Any CPU.Build.0 = Debug|Any CPU
		{AD9629FD-9F8C-4190-A07D-C79083D5A894}.Release|Any CPU.ActiveCfg = Release|Any CPU
		{AD9629FD-9F8C-4190-A07D-C79083D5A894}.Release|Any CPU.Build.0 = Release|Any CPU
		{273C319A-57A2-4037-8B37-6D784F7C3803}.Debug|Any CPU.ActiveCfg = Debug|Any CPU
		{273C319A-57A2-4037-8B37-6D784F7C3803}.Debug|Any CPU.Build.0 = Debug|Any CPU
		{273C319A-57A2-4037-8B37-6D784F7C3803}.Release|Any CPU.ActiveCfg = Release|Any CPU
		{273C319A-57A2-4037-8B37-6D784F7C3803}.Release|Any CPU.Build.0 = Release|Any CPU
		{D87A7CC0-97B1-46AE-B18E-6E04EE863315}.Debug|Any CPU.ActiveCfg = Debug|Any CPU
		{D87A7CC0-97B1-46AE-B18E-6E04EE863315}.Debug|Any CPU.Build.0 = Debug|Any CPU
		{D87A7CC0-97B1-46AE-B18E-6E04EE863315}.Release|Any CPU.ActiveCfg = Release|Any CPU
		{D87A7CC0-97B1-46AE-B18E-6E04EE863315}.Release|Any CPU.Build.0 = Release|Any CPU
	EndGlobalSection
EndGlobal
